
Microsoft Visual Studio Solution File, Format Version 12.00
# Visual Studio Version 17
VisualStudioVersion = 17.5.002.0
MinimumVisualStudioVersion = 10.0.40219.1
Project("{2150E333-8FDC-42A3-9474-1A3956D46DE8}") = "excel-viewer-backend", "excel-viewer-backend", "{3D236C47-D0E7-4AA4-8482-93E9ADDCAF8B}"
EndProject
Project("{9A19103F-16F7-4668-BE54-9A1E7A4F7556}") = "ExcelViewerBackend", "excel-viewer-backend\ExcelViewerBackend\ExcelViewerBackend.csproj", "{76AC7DAB-71A7-40BA-A12A-E4C3F4A0BE07}"
EndProject
Global
	GlobalSection(SolutionConfigurationPlatforms) = preSolution
		Debug|Any CPU = Debug|Any CPU
		Release|Any CPU = Release|Any CPU
	EndGlobalSection
	GlobalSection(ProjectConfigurationPlatforms) = postSolution
		{76AC7DAB-71A7-40BA-A12A-E4C3F4A0BE07}.Debug|Any CPU.ActiveCfg = Debug|Any CPU
		{76AC7DAB-71A7-40BA-A12A-E4C3F4A0BE07}.Debug|Any CPU.Build.0 = Debug|Any CPU
		{76AC7DAB-71A7-40BA-A12A-E4C3F4A0BE07}.Release|Any CPU.ActiveCfg = Release|Any CPU
		{76AC7DAB-71A7-40BA-A12A-E4C3F4A0BE07}.Release|Any CPU.Build.0 = Release|Any CPU
	EndGlobalSection
	GlobalSection(SolutionProperties) = preSolution
		HideSolutionNode = FALSE
	EndGlobalSection
	GlobalSection(NestedProjects) = preSolution
		{76AC7DAB-71A7-40BA-A12A-E4C3F4A0BE07} = {3D236C47-D0E7-4AA4-8482-93E9ADDCAF8B}
	EndGlobalSection
	GlobalSection(ExtensibilityGlobals) = postSolution
		SolutionGuid = {7F722610-A2A1-4C37-B9E0-49039A044449}
	EndGlobalSection
EndGlobal
